
Microsoft Visual Studio Solution File, Format Version 12.00
# Visual Studio 15
VisualStudioVersion = 15.0.26730.12
MinimumVisualStudioVersion = 10.0.40219.1
Project("{FAE04EC0-301F-11D3-BF4B-00C04F79EFBC}") = "KennUTicket", "KennUTicket\KennUTicket.csproj", "{D6394316-E854-4286-9C63-290E9E422288}"
EndProject
Project("{FAE04EC0-301F-11D3-BF4B-00C04F79EFBC}") = "KennUTicketDAL", "KennUTicketDAL\KennUTicketDAL.csproj", "{94B00CC3-96E6-4955-B26F-D7C1A70F0D9B}"
EndProject
Project("{FAE04EC0-301F-11D3-BF4B-00C04F79EFBC}") = "KennUTicket.Test", "Test\KennUTicket.Test.csproj", "{88FF8422-524A-4393-A50F-DD8905F1424D}"
EndProject
Global
	GlobalSection(SolutionConfigurationPlatforms) = preSolution
		Debug|Any CPU = Debug|Any CPU
		Release|Any CPU = Release|Any CPU
	EndGlobalSection
	GlobalSection(ProjectConfigurationPlatforms) = postSolution
		{D6394316-E854-4286-9C63-290E9E422288}.Debug|Any CPU.ActiveCfg = Debug|Any CPU
		{D6394316-E854-4286-9C63-290E9E422288}.Debug|Any CPU.Build.0 = Debug|Any CPU
		{D6394316-E854-4286-9C63-290E9E422288}.Release|Any CPU.ActiveCfg = Release|Any CPU
		{D6394316-E854-4286-9C63-290E9E422288}.Release|Any CPU.Build.0 = Release|Any CPU
		{94B00CC3-96E6-4955-B26F-D7C1A70F0D9B}.Debug|Any CPU.ActiveCfg = Debug|Any CPU
		{94B00CC3-96E6-4955-B26F-D7C1A70F0D9B}.Debug|Any CPU.Build.0 = Debug|Any CPU
		{94B00CC3-96E6-4955-B26F-D7C1A70F0D9B}.Release|Any CPU.ActiveCfg = Release|Any CPU
		{94B00CC3-96E6-4955-B26F-D7C1A70F0D9B}.Release|Any CPU.Build.0 = Release|Any CPU
		{88FF8422-524A-4393-A50F-DD8905F1424D}.Debug|Any CPU.ActiveCfg = Debug|Any CPU
		{88FF8422-524A-4393-A50F-DD8905F1424D}.Debug|Any CPU.Build.0 = Debug|Any CPU
		{88FF8422-524A-4393-A50F-DD8905F1424D}.Release|Any CPU.ActiveCfg = Release|Any CPU
		{88FF8422-524A-4393-A50F-DD8905F1424D}.Release|Any CPU.Build.0 = Release|Any CPU
	EndGlobalSection
	GlobalSection(SolutionProperties) = preSolution
		HideSolutionNode = FALSE
	EndGlobalSection
	GlobalSection(ExtensibilityGlobals) = postSolution
		SolutionGuid = {69D3A694-47EA-4400-8661-1B3F8097C980}
	EndGlobalSection
EndGlobal
